
Microsoft Visual Studio Solution File, Format Version 12.00
# Visual Studio Version 17
VisualStudioVersion = 17.8.34330.188
MinimumVisualStudioVersion = 10.0.40219.1
Project("{FAE04EC0-301F-11D3-BF4B-00C04F79EFBC}") = "WebApplicationLar", "WebApplicationLar.csproj", "{CC933C82-7A3A-4E7B-B2BE-F3C0C3AC92F1}"
EndProject
Global
	GlobalSection(SolutionConfigurationPlatforms) = preSolution
		Debug|Any CPU = Debug|Any CPU
		Release|Any CPU = Release|Any CPU
	EndGlobalSection
	GlobalSection(ProjectConfigurationPlatforms) = postSolution
		{CC933C82-7A3A-4E7B-B2BE-F3C0C3AC92F1}.Debug|Any CPU.ActiveCfg = Debug|Any CPU
		{CC933C82-7A3A-4E7B-B2BE-F3C0C3AC92F1}.Debug|Any CPU.Build.0 = Debug|Any CPU
		{CC933C82-7A3A-4E7B-B2BE-F3C0C3AC92F1}.Release|Any CPU.ActiveCfg = Release|Any CPU
		{CC933C82-7A3A-4E7B-B2BE-F3C0C3AC92F1}.Release|Any CPU.Build.0 = Release|Any CPU
	EndGlobalSection
	GlobalSection(SolutionProperties) = preSolution
		HideSolutionNode = FALSE
	EndGlobalSection
	GlobalSection(ExtensibilityGlobals) = postSolution
		SolutionGuid = {57B32F83-F34A-4F74-8EE3-37E2064F6B12}
	EndGlobalSection
EndGlobal
